Microsoft Visual Studio Solution File, Format Version 12.00
# Visual Studio Version 17
VisualStudioVersion = 17.5.2.0
MinimumVisualStudioVersion = 10.0.40219.1
Project("{FAE04EC0-301F-11D3-BF4B-00C04F79EFBC}") = "OldBookStore", "OldBookStore.csproj", "{8195BA85-7C2A-9149-A9BC-484D118DC366}"
EndProject
Global
	GlobalSection(SolutionConfigurationPlatforms) = preSolution
		Debug|Any CPU = Debug|Any CPU
		Release|Any CPU = Release|Any CPU
	EndGlobalSection
	GlobalSection(ProjectConfigurationPlatforms) = postSolution
		{8195BA85-7C2A-9149-A9BC-484D118DC366}.Debug|Any CPU.ActiveCfg = Debug|Any CPU
		{8195BA85-7C2A-9149-A9BC-484D118DC366}.Debug|Any CPU.Build.0 = Debug|Any CPU
		{8195BA85-7C2A-9149-A9BC-484D118DC366}.Release|Any CPU.ActiveCfg = Release|Any CPU
		{8195BA85-7C2A-9149-A9BC-484D118DC366}.Release|Any CPU.Build.0 = Release|Any CPU
	EndGlobalSection
	GlobalSection(SolutionProperties) = preSolution
		HideSolutionNode = FALSE
	EndGlobalSection
	GlobalSection(ExtensibilityGlobals) = postSolution
		SolutionGuid = {3D26653B-7C60-4318-819C-E1D85E43CC35}
	EndGlobalSection
EndGlobal
