
Microsoft Visual Studio Solution File, Format Version 12.00
# Visual Studio Version 17
VisualStudioVersion = 17.13.35825.156 d17.13
MinimumVisualStudioVersion = 10.0.40219.1
Project("{FAE04EC0-301F-11D3-BF4B-00C04F79EFBC}") = "CQRS Pattern", "CQRS Pattern\CQRS Pattern.csproj", "{A94C5F94-BB80-4A22-A4BC-BA0F21C0E4C7}"
EndProject
Global
	GlobalSection(SolutionConfigurationPlatforms) = preSolution
		Debug|Any CPU = Debug|Any CPU
		Release|Any CPU = Release|Any CPU
	EndGlobalSection
	GlobalSection(ProjectConfigurationPlatforms) = postSolution
		{A94C5F94-BB80-4A22-A4BC-BA0F21C0E4C7}.Debug|Any CPU.ActiveCfg = Debug|Any CPU
		{A94C5F94-BB80-4A22-A4BC-BA0F21C0E4C7}.Debug|Any CPU.Build.0 = Debug|Any CPU
		{A94C5F94-BB80-4A22-A4BC-BA0F21C0E4C7}.Release|Any CPU.ActiveCfg = Release|Any CPU
		{A94C5F94-BB80-4A22-A4BC-BA0F21C0E4C7}.Release|Any CPU.Build.0 = Release|Any CPU
	EndGlobalSection
	GlobalSection(SolutionProperties) = preSolution
		HideSolutionNode = FALSE
	EndGlobalSection
	GlobalSection(ExtensibilityGlobals) = postSolution
		SolutionGuid = {B0E54AB2-098A-42A3-B434-0058BD7FE470}
	EndGlobalSection
EndGlobal
