
Microsoft Visual Studio Solution File, Format Version 12.00
# Visual Studio Version 17
VisualStudioVersion = 17.13.35825.156 d17.13
MinimumVisualStudioVersion = 10.0.40219.1
Project("{FAE04EC0-301F-11D3-BF4B-00C04F79EFBC}") = "ConnectivityWithAngular", "ConnectivityWithAngular\ConnectivityWithAngular.csproj", "{9BF48F04-EEEA-4A19-BB15-14C6077EAEC2}"
EndProject
Global
	GlobalSection(SolutionConfigurationPlatforms) = preSolution
		Debug|Any CPU = Debug|Any CPU
		Release|Any CPU = Release|Any CPU
	EndGlobalSection
	GlobalSection(ProjectConfigurationPlatforms) = postSolution
		{9BF48F04-EEEA-4A19-BB15-14C6077EAEC2}.Debug|Any CPU.ActiveCfg = Debug|Any CPU
		{9BF48F04-EEEA-4A19-BB15-14C6077EAEC2}.Debug|Any CPU.Build.0 = Debug|Any CPU
		{9BF48F04-EEEA-4A19-BB15-14C6077EAEC2}.Release|Any CPU.ActiveCfg = Release|Any CPU
		{9BF48F04-EEEA-4A19-BB15-14C6077EAEC2}.Release|Any CPU.Build.0 = Release|Any CPU
	EndGlobalSection
	GlobalSection(SolutionProperties) = preSolution
		HideSolutionNode = FALSE
	EndGlobalSection
	GlobalSection(ExtensibilityGlobals) = postSolution
		SolutionGuid = {62DAFE53-4B55-4C53-81A0-58BD31359E93}
	EndGlobalSection
EndGlobal
