
Microsoft Visual Studio Solution File, Format Version 12.00
# Visual Studio Version 17
VisualStudioVersion = 17.13.35825.156 d17.13
MinimumVisualStudioVersion = 10.0.40219.1
Project("{FAE04EC0-301F-11D3-BF4B-00C04F79EFBC}") = "longest consecutive sequence", "longest consecutive sequence\longest consecutive sequence.csproj", "{A446EE30-CC90-4CCB-8156-204632CAFE32}"
EndProject
Global
	GlobalSection(SolutionConfigurationPlatforms) = preSolution
		Debug|Any CPU = Debug|Any CPU
		Release|Any CPU = Release|Any CPU
	EndGlobalSection
	GlobalSection(ProjectConfigurationPlatforms) = postSolution
		{A446EE30-CC90-4CCB-8156-204632CAFE32}.Debug|Any CPU.ActiveCfg = Debug|Any CPU
		{A446EE30-CC90-4CCB-8156-204632CAFE32}.Debug|Any CPU.Build.0 = Debug|Any CPU
		{A446EE30-CC90-4CCB-8156-204632CAFE32}.Release|Any CPU.ActiveCfg = Release|Any CPU
		{A446EE30-CC90-4CCB-8156-204632CAFE32}.Release|Any CPU.Build.0 = Release|Any CPU
	EndGlobalSection
	GlobalSection(SolutionProperties) = preSolution
		HideSolutionNode = FALSE
	EndGlobalSection
	GlobalSection(ExtensibilityGlobals) = postSolution
		SolutionGuid = {7DFD291D-F9BB-4BB9-A160-EF4433118DB6}
	EndGlobalSection
EndGlobal
