
Microsoft Visual Studio Solution File, Format Version 12.00
# Visual Studio Version 17
VisualStudioVersion = 17.13.35825.156 d17.13
MinimumVisualStudioVersion = 10.0.40219.1
Project("{FAE04EC0-301F-11D3-BF4B-00C04F79EFBC}") = "Practice-1", "Practice-1\Practice-1.csproj", "{ED360D91-0BA6-4B1D-BC33-2CE17DBDF23D}"
EndProject
Global
	GlobalSection(SolutionConfigurationPlatforms) = preSolution
		Debug|Any CPU = Debug|Any CPU
		Release|Any CPU = Release|Any CPU
	EndGlobalSection
	GlobalSection(ProjectConfigurationPlatforms) = postSolution
		{ED360D91-0BA6-4B1D-BC33-2CE17DBDF23D}.Debug|Any CPU.ActiveCfg = Debug|Any CPU
		{ED360D91-0BA6-4B1D-BC33-2CE17DBDF23D}.Debug|Any CPU.Build.0 = Debug|Any CPU
		{ED360D91-0BA6-4B1D-BC33-2CE17DBDF23D}.Release|Any CPU.ActiveCfg = Release|Any CPU
		{ED360D91-0BA6-4B1D-BC33-2CE17DBDF23D}.Release|Any CPU.Build.0 = Release|Any CPU
	EndGlobalSection
	GlobalSection(SolutionProperties) = preSolution
		HideSolutionNode = FALSE
	EndGlobalSection
	GlobalSection(ExtensibilityGlobals) = postSolution
		SolutionGuid = {8C985E8F-BD40-4821-AF17-238AB3F957E0}
	EndGlobalSection
EndGlobal
