
Microsoft Visual Studio Solution File, Format Version 12.00
# Visual Studio Version 17
VisualStudioVersion = 17.13.35825.156 d17.13
MinimumVisualStudioVersion = 10.0.40219.1
Project("{FAE04EC0-301F-11D3-BF4B-00C04F79EFBC}") = "CoursesAPI", "CoursesAPI\CoursesAPI.csproj", "{54A48689-DC0D-4B8B-B0B8-7FDF18B25E5F}"
EndProject
Global
	GlobalSection(SolutionConfigurationPlatforms) = preSolution
		Debug|Any CPU = Debug|Any CPU
		Release|Any CPU = Release|Any CPU
	EndGlobalSection
	GlobalSection(ProjectConfigurationPlatforms) = postSolution
		{54A48689-DC0D-4B8B-B0B8-7FDF18B25E5F}.Debug|Any CPU.ActiveCfg = Debug|Any CPU
		{54A48689-DC0D-4B8B-B0B8-7FDF18B25E5F}.Debug|Any CPU.Build.0 = Debug|Any CPU
		{54A48689-DC0D-4B8B-B0B8-7FDF18B25E5F}.Release|Any CPU.ActiveCfg = Release|Any CPU
		{54A48689-DC0D-4B8B-B0B8-7FDF18B25E5F}.Release|Any CPU.Build.0 = Release|Any CPU
	EndGlobalSection
	GlobalSection(SolutionProperties) = preSolution
		HideSolutionNode = FALSE
	EndGlobalSection
	GlobalSection(ExtensibilityGlobals) = postSolution
		SolutionGuid = {9A53026E-C068-4F19-9C89-3A3B9B754FEA}
	EndGlobalSection
EndGlobal
