
Microsoft Visual Studio Solution File, Format Version 12.00
# Visual Studio Version 17
VisualStudioVersion = 17.13.35825.156 d17.13
MinimumVisualStudioVersion = 10.0.40219.1
Project("{FAE04EC0-301F-11D3-BF4B-00C04F79EFBC}") = "JWT Practice", "JWT Practice\JWT Practice.csproj", "{97D8037C-4393-491D-A5A8-7FC1FE0FB761}"
EndProject
Global
	GlobalSection(SolutionConfigurationPlatforms) = preSolution
		Debug|Any CPU = Debug|Any CPU
		Release|Any CPU = Release|Any CPU
	EndGlobalSection
	GlobalSection(ProjectConfigurationPlatforms) = postSolution
		{97D8037C-4393-491D-A5A8-7FC1FE0FB761}.Debug|Any CPU.ActiveCfg = Debug|Any CPU
		{97D8037C-4393-491D-A5A8-7FC1FE0FB761}.Debug|Any CPU.Build.0 = Debug|Any CPU
		{97D8037C-4393-491D-A5A8-7FC1FE0FB761}.Release|Any CPU.ActiveCfg = Release|Any CPU
		{97D8037C-4393-491D-A5A8-7FC1FE0FB761}.Release|Any CPU.Build.0 = Release|Any CPU
	EndGlobalSection
	GlobalSection(SolutionProperties) = preSolution
		HideSolutionNode = FALSE
	EndGlobalSection
	GlobalSection(ExtensibilityGlobals) = postSolution
		SolutionGuid = {58F11B81-B7E8-4E73-8463-AFE177EBD4B5}
	EndGlobalSection
EndGlobal
